// !$*UTF8*$!
{
	archiveVersion = 1;
	classes = {
	};
	objectVersion = 46;
	objects = {

/* Begin PBXBuildFile section */
		A270BB9E1D2278E50030DB0A /* main.m in Sources */ = {isa = PBXBuildFile; fileRef = A270BB9D1D2278E50030DB0A /* main.m */; };
		A270BBA11D2278E50030DB0A /* AppDelegate.m in Sources */ = {isa = PBXBuildFile; fileRef = A270BBA01D2278E50030DB0A /* AppDelegate.m */; };
		A270BBA41D2278E50030DB0A /* ViewController.m in Sources */ = {isa = PBXBuildFile; fileRef = A270BBA31D2278E50030DB0A /* ViewController.m */; };
		A270BBA71D2278E50030DB0A /* Main.storyboard in Resources */ = {isa = PBXBuildFile; fileRef = A270BBA51D2278E50030DB0A /* Main.storyboard */; };
		A270BBA91D2278E50030DB0A /* Assets.xcassets in Resources */ = {isa = PBXBuildFile; fileRef = A270BBA81D2278E50030DB0A /* Assets.xcassets */; };
		A270BBAC1D2278E50030DB0A /* LaunchScreen.storyboard in Resources */ = {isa = PBXBuildFile; fileRef = A270BBAA1D2278E50030DB0A /* LaunchScreen.storyboard */; };
		A270BBB71D2278E50030DB0A /* ClassListViewControllerTests.m in Sources */ = {isa = PBXBuildFile; fileRef = A270BBB61D2278E50030DB0A /* ClassListViewControllerTests.m */; };
		A270BBC21D2278E50030DB0A /* ClassListViewControllerUITests.m in Sources */ = {isa = PBXBuildFile; fileRef = A270BBC11D2278E50030DB0A /* ClassListViewControllerUITests.m */; };
		A270BBD41D2279230030DB0A /* ListClassModel.m in Sources */ = {isa = PBXBuildFile; fileRef = A270BBD11D2279230030DB0A /* ListClassModel.m */; };
		A270BBD51D2279230030DB0A /* ListClassView.m in Sources */ = {isa = PBXBuildFile; fileRef = A270BBD31D2279230030DB0A /* ListClassView.m */; };
		A270BC0B1D227A230030DB0A /* Info.plist in Resources */ = {isa = PBXBuildFile; fileRef = A270BBD81D227A230030DB0A /* Info.plist */; };
		A270BC0C1D227A230030DB0A /* MASCompositeConstraint.m in Sources */ = {isa = PBXBuildFile; fileRef = A270BBDA1D227A230030DB0A /* MASCompositeConstraint.m */; };
		A270BC0D1D227A230030DB0A /* MASConstraint.m in Sources */ = {isa = PBXBuildFile; fileRef = A270BBDD1D227A230030DB0A /* MASConstraint.m */; };
		A270BC0E1D227A230030DB0A /* MASConstraintMaker.m in Sources */ = {isa = PBXBuildFile; fileRef = A270BBDF1D227A230030DB0A /* MASConstraintMaker.m */; };
		A270BC0F1D227A230030DB0A /* MASLayoutConstraint.m in Sources */ = {isa = PBXBuildFile; fileRef = A270BBE11D227A230030DB0A /* MASLayoutConstraint.m */; };
		A270BC101D227A230030DB0A /* MASViewAttribute.m in Sources */ = {isa = PBXBuildFile; fileRef = A270BBE51D227A230030DB0A /* MASViewAttribute.m */; };
		A270BC111D227A230030DB0A /* MASViewConstraint.m in Sources */ = {isa = PBXBuildFile; fileRef = A270BBE71D227A230030DB0A /* MASViewConstraint.m */; };
		A270BC121D227A230030DB0A /* NSArray+MASAdditions.m in Sources */ = {isa = PBXBuildFile; fileRef = A270BBE91D227A230030DB0A /* NSArray+MASAdditions.m */; };
		A270BC131D227A230030DB0A /* NSLayoutConstraint+MASDebugAdditions.m in Sources */ = {isa = PBXBuildFile; fileRef = A270BBEC1D227A230030DB0A /* NSLayoutConstraint+MASDebugAdditions.m */; };
		A270BC141D227A230030DB0A /* View+MASAdditions.m in Sources */ = {isa = PBXBuildFile; fileRef = A270BBEE1D227A230030DB0A /* View+MASAdditions.m */; };
		A270BC151D227A230030DB0A /* ViewController+MASAdditions.m in Sources */ = {isa = PBXBuildFile; fileRef = A270BBF11D227A230030DB0A /* ViewController+MASAdditions.m */; };
		A270BC161D227A230030DB0A /* Info.plist in Resources */ = {isa = PBXBuildFile; fileRef = A270BBF31D227A230030DB0A /* Info.plist */; };
		A270BC171D227A230030DB0A /* MJExtensionConst.m in Sources */ = {isa = PBXBuildFile; fileRef = A270BBF61D227A230030DB0A /* MJExtensionConst.m */; };
		A270BC181D227A230030DB0A /* MJFoundation.m in Sources */ = {isa = PBXBuildFile; fileRef = A270BBF81D227A230030DB0A /* MJFoundation.m */; };
		A270BC191D227A230030DB0A /* MJProperty.m in Sources */ = {isa = PBXBuildFile; fileRef = A270BBFA1D227A230030DB0A /* MJProperty.m */; };
		A270BC1A1D227A230030DB0A /* MJPropertyKey.m in Sources */ = {isa = PBXBuildFile; fileRef = A270BBFC1D227A230030DB0A /* MJPropertyKey.m */; };
		A270BC1B1D227A230030DB0A /* MJPropertyType.m in Sources */ = {isa = PBXBuildFile; fileRef = A270BBFE1D227A230030DB0A /* MJPropertyType.m */; };
		A270BC1C1D227A230030DB0A /* NSObject+MJClass.m in Sources */ = {isa = PBXBuildFile; fileRef = A270BC001D227A230030DB0A /* NSObject+MJClass.m */; };
		A270BC1D1D227A230030DB0A /* NSObject+MJCoding.m in Sources */ = {isa = PBXBuildFile; fileRef = A270BC021D227A230030DB0A /* NSObject+MJCoding.m */; };
		A270BC1E1D227A230030DB0A /* NSObject+MJKeyValue.m in Sources */ = {isa = PBXBuildFile; fileRef = A270BC041D227A230030DB0A /* NSObject+MJKeyValue.m */; };
		A270BC1F1D227A230030DB0A /* NSObject+MJProperty.m in Sources */ = {isa = PBXBuildFile; fileRef = A270BC061D227A230030DB0A /* NSObject+MJProperty.m */; };
		A270BC201D227A230030DB0A /* NSString+MJExtension.m in Sources */ = {isa = PBXBuildFile; fileRef = A270BC081D227A230030DB0A /* NSString+MJExtension.m */; };
		A270BC211D227A230030DB0A /* UIColor+HexCode.m in Sources */ = {isa = PBXBuildFile; fileRef = A270BC0A1D227A230030DB0A /* UIColor+HexCode.m */; };
		A270BC241D227AF40030DB0A /* GYKditu@2x.png in Resources */ = {isa = PBXBuildFile; fileRef = A270BC221D227AF40030DB0A /* GYKditu@2x.png */; };
		A270BC251D227AF40030DB0A /* GYKditu@3x.png in Resources */ = {isa = PBXBuildFile; fileRef = A270BC231D227AF40030DB0A /* GYKditu@3x.png */; };
		A270BC281D227C340030DB0A /* UIView+XL.m in Sources */ = {isa = PBXBuildFile; fileRef = A270BC271D227C340030DB0A /* UIView+XL.m */; };
		A270BC2B1D227C710030DB0A /* guanbi_hui@2x.png in Resources */ = {isa = PBXBuildFile; fileRef = A270BC291D227C710030DB0A /* guanbi_hui@2x.png */; };
		A270BC2C1D227C710030DB0A /* guanbi_hui@3x.png in Resources */ = {isa = PBXBuildFile; fileRef = A270BC2A1D227C710030DB0A /* guanbi_hui@3x.png */; };
/* End PBXBuildFile section */

/* Begin PBXContainerItemProxy section */
		A270BBB31D2278E50030DB0A /* PBXContainerItemProxy */ = {
			isa = PBXContainerItemProxy;
			containerPortal = A270BB911D2278E50030DB0A /* Project object */;
			proxyType = 1;
			remoteGlobalIDString = A270BB981D2278E50030DB0A;
			remoteInfo = ClassListViewController;
		};
		A270BBBE1D2278E50030DB0A /* PBXContainerItemProxy */ = {
			isa = PBXContainerItemProxy;
			containerPortal = A270BB911D2278E50030DB0A /* Project object */;
			proxyType = 1;
			remoteGlobalIDString = A270BB981D2278E50030DB0A;
			remoteInfo = ClassListViewController;
		};
/* End PBXContainerItemProxy section */

/* Begin PBXFileReference section */
		A270BB991D2278E50030DB0A /* ClassListViewController.app */ = {isa = PBXFileReference; explicitFileType = wrapper.application; includeInIndex = 0; path = ClassListViewController.app; sourceTree = BUILT_PRODUCTS_DIR; };
		A270BB9D1D2278E50030DB0A /* main.m */ = {isa = PBXFileReference; lastKnownFileType = sourcecode.c.objc; path = main.m; sourceTree = "<group>"; };
		A270BB9F1D2278E50030DB0A /* AppDelegate.h */ = {isa = PBXFileReference; lastKnownFileType = sourcecode.c.h; path = AppDelegate.h; sourceTree = "<group>"; };
		A270BBA01D2278E50030DB0A /* AppDelegate.m */ = {isa = PBXFileReference; lastKnownFileType = sourcecode.c.objc; path = AppDelegate.m; sourceTree = "<group>"; };
		A270BBA21D2278E50030DB0A /* ViewController.h */ = {isa = PBXFileReference; lastKnownFileType = sourcecode.c.h; path = ViewController.h; sourceTree = "<group>"; };
		A270BBA31D2278E50030DB0A /* ViewController.m */ = {isa = PBXFileReference; lastKnownFileType = sourcecode.c.objc; path = ViewController.m; sourceTree = "<group>"; };
		A270BBA61D2278E50030DB0A /* Base */ = {isa = PBXFileReference; lastKnownFileType = file.storyboard; name = Base; path = Base.lproj/Main.storyboard; sourceTree = "<group>"; };
		A270BBA81D2278E50030DB0A /* Assets.xcassets */ = {isa = PBXFileReference; lastKnownFileType = folder.assetcatalog; path = Assets.xcassets; sourceTree = "<group>"; };
		A270BBAB1D2278E50030DB0A /* Base */ = {isa = PBXFileReference; lastKnownFileType = file.storyboard; name = Base; path = Base.lproj/LaunchScreen.storyboard; sourceTree = "<group>"; };
		A270BBAD1D2278E50030DB0A /* Info.plist */ = {isa = PBXFileReference; lastKnownFileType = text.plist.xml; path = Info.plist; sourceTree = "<group>"; };
		A270BBB21D2278E50030DB0A /* ClassListViewControllerTests.xctest */ = {isa = PBXFileReference; explicitFileType = wrapper.cfbundle; includeInIndex = 0; path = ClassListViewControllerTests.xctest; sourceTree = BUILT_PRODUCTS_DIR; };
		A270BBB61D2278E50030DB0A /* ClassListViewControllerTests.m */ = {isa = PBXFileReference; lastKnownFileType = sourcecode.c.objc; path = ClassListViewControllerTests.m; sourceTree = "<group>"; };
		A270BBB81D2278E50030DB0A /* Info.plist */ = {isa = PBXFileReference; lastKnownFileType = text.plist.xml; path = Info.plist; sourceTree = "<group>"; };
		A270BBBD1D2278E50030DB0A /* ClassListViewControllerUITests.xctest */ = {isa = PBXFileReference; explicitFileType = wrapper.cfbundle; includeInIndex = 0; path = ClassListViewControllerUITests.xctest; sourceTree = BUILT_PRODUCTS_DIR; };
		A270BBC11D2278E50030DB0A /* ClassListViewControllerUITests.m */ = {isa = PBXFileReference; lastKnownFileType = sourcecode.c.objc; path = ClassListViewControllerUITests.m; sourceTree = "<group>"; };
		A270BBC31D2278E50030DB0A /* Info.plist */ = {isa = PBXFileReference; lastKnownFileType = text.plist.xml; path = Info.plist; sourceTree = "<group>"; };
		A270BBD01D2279230030DB0A /* ListClassModel.h */ = {isa = PBXFileReference; fileEncoding = 4; lastKnownFileType = sourcecode.c.h; path = ListClassModel.h; sourceTree = "<group>"; };
		A270BBD11D2279230030DB0A /* ListClassModel.m */ = {isa = PBXFileReference; fileEncoding = 4; lastKnownFileType = sourcecode.c.objc; path = ListClassModel.m; sourceTree = "<group>"; };
		A270BBD21D2279230030DB0A /* ListClassView.h */ = {isa = PBXFileReference; fileEncoding = 4; lastKnownFileType = sourcecode.c.h; path = ListClassView.h; sourceTree = "<group>"; };
		A270BBD31D2279230030DB0A /* ListClassView.m */ = {isa = PBXFileReference; fileEncoding = 4; lastKnownFileType = sourcecode.c.objc; path = ListClassView.m; sourceTree = "<group>"; };
		A270BBD81D227A230030DB0A /* Info.plist */ = {isa = PBXFileReference; fileEncoding = 4; lastKnownFileType = text.plist.xml; path = Info.plist; sourceTree = "<group>"; };
		A270BBD91D227A230030DB0A /* MASCompositeConstraint.h */ = {isa = PBXFileReference; fileEncoding = 4; lastKnownFileType = sourcecode.c.h; path = MASCompositeConstraint.h; sourceTree = "<group>"; };
		A270BBDA1D227A230030DB0A /* MASCompositeConstraint.m */ = {isa = PBXFileReference; fileEncoding = 4; lastKnownFileType = sourcecode.c.objc; path = MASCompositeConstraint.m; sourceTree = "<group>"; };
		A270BBDB1D227A230030DB0A /* MASConstraint+Private.h */ = {isa = PBXFileReference; fileEncoding = 4; lastKnownFileType = sourcecode.c.h; path = "MASConstraint+Private.h"; sourceTree = "<group>"; };
		A270BBDC1D227A230030DB0A /* MASConstraint.h */ = {isa = PBXFileReference; fileEncoding = 4; lastKnownFileType = sourcecode.c.h; path = MASConstraint.h; sourceTree = "<group>"; };
		A270BBDD1D227A230030DB0A /* MASConstraint.m */ = {isa = PBXFileReference; fileEncoding = 4; lastKnownFileType = sourcecode.c.objc; path = MASConstraint.m; sourceTree = "<group>"; };
		A270BBDE1D227A230030DB0A /* MASConstraintMaker.h */ = {isa = PBXFileReference; fileEncoding = 4; lastKnownFileType = sourcecode.c.h; path = MASConstraintMaker.h; sourceTree = "<group>"; };
		A270BBDF1D227A230030DB0A /* MASConstraintMaker.m */ = {isa = PBXFileReference; fileEncoding = 4; lastKnownFileType = sourcecode.c.objc; path = MASConstraintMaker.m; sourceTree = "<group>"; };
		A270BBE01D227A230030DB0A /* MASLayoutConstraint.h */ = {isa = PBXFileReference; fileEncoding = 4; lastKnownFileType = sourcecode.c.h; path = MASLayoutConstraint.h; sourceTree = "<group>"; };
		A270BBE11D227A230030DB0A /* MASLayoutConstraint.m */ = {isa = PBXFileReference; fileEncoding = 4; lastKnownFileType = sourcecode.c.objc; path = MASLayoutConstraint.m; sourceTree = "<group>"; };
		A270BBE21D227A230030DB0A /* Masonry.h */ = {isa = PBXFileReference; fileEncoding = 4; lastKnownFileType = sourcecode.c.h; path = Masonry.h; sourceTree = "<group>"; };
		A270BBE31D227A230030DB0A /* MASUtilities.h */ = {isa = PBXFileReference; fileEncoding = 4; lastKnownFileType = sourcecode.c.h; path = MASUtilities.h; sourceTree = "<group>"; };
		A270BBE41D227A230030DB0A /* MASViewAttribute.h */ = {isa = PBXFileReference; fileEncoding = 4; lastKnownFileType = sourcecode.c.h; path = MASViewAttribute.h; sourceTree = "<group>"; };
		A270BBE51D227A230030DB0A /* MASViewAttribute.m */ = {isa = PBXFileReference; fileEncoding = 4; lastKnownFileType = sourcecode.c.objc; path = MASViewAttribute.m; sourceTree = "<group>"; };
		A270BBE61D227A230030DB0A /* MASViewConstraint.h */ = {isa = PBXFileReference; fileEncoding = 4; lastKnownFileType = sourcecode.c.h; path = MASViewConstraint.h; sourceTree = "<group>"; };
		A270BBE71D227A230030DB0A /* MASViewConstraint.m */ = {isa = PBXFileReference; fileEncoding = 4; lastKnownFileType = sourcecode.c.objc; path = MASViewConstraint.m; sourceTree = "<group>"; };
		A270BBE81D227A230030DB0A /* NSArray+MASAdditions.h */ = {isa = PBXFileReference; fileEncoding = 4; lastKnownFileType = sourcecode.c.h; path = "NSArray+MASAdditions.h"; sourceTree = "<group>"; };
		A270BBE91D227A230030DB0A /* NSArray+MASAdditions.m */ = {isa = PBXFileReference; fileEncoding = 4; lastKnownFileType = sourcecode.c.objc; path = "NSArray+MASAdditions.m"; sourceTree = "<group>"; };
		A270BBEA1D227A230030DB0A /* NSArray+MASShorthandAdditions.h */ = {isa = PBXFileReference; fileEncoding = 4; lastKnownFileType = sourcecode.c.h; path = "NSArray+MASShorthandAdditions.h"; sourceTree = "<group>"; };
		A270BBEB1D227A230030DB0A /* NSLayoutConstraint+MASDebugAdditions.h */ = {isa = PBXFileReference; fileEncoding = 4; lastKnownFileType = sourcecode.c.h; path = "NSLayoutConstraint+MASDebugAdditions.h"; sourceTree = "<group>"; };
		A270BBEC1D227A230030DB0A /* NSLayoutConstraint+MASDebugAdditions.m */ = {isa = PBXFileReference; fileEncoding = 4; lastKnownFileType = sourcecode.c.objc; path = "NSLayoutConstraint+MASDebugAdditions.m"; sourceTree = "<group>"; };
		A270BBED1D227A230030DB0A /* View+MASAdditions.h */ = {isa = PBXFileReference; fileEncoding = 4; lastKnownFileType = sourcecode.c.h; path = "View+MASAdditions.h"; sourceTree = "<group>"; };
		A270BBEE1D227A230030DB0A /* View+MASAdditions.m */ = {isa = PBXFileReference; fileEncoding = 4; lastKnownFileType = sourcecode.c.objc; path = "View+MASAdditions.m"; sourceTree = "<group>"; };
		A270BBEF1D227A230030DB0A /* View+MASShorthandAdditions.h */ = {isa = PBXFileReference; fileEncoding = 4; lastKnownFileType = sourcecode.c.h; path = "View+MASShorthandAdditions.h"; sourceTree = "<group>"; };
		A270BBF01D227A230030DB0A /* ViewController+MASAdditions.h */ = {isa = PBXFileReference; fileEncoding = 4; lastKnownFileType = sourcecode.c.h; path = "ViewController+MASAdditions.h"; sourceTree = "<group>"; };
		A270BBF11D227A230030DB0A /* ViewController+MASAdditions.m */ = {isa = PBXFileReference; fileEncoding = 4; lastKnownFileType = sourcecode.c.objc; path = "ViewController+MASAdditions.m"; sourceTree = "<group>"; };
		A270BBF31D227A230030DB0A /* Info.plist */ = {isa = PBXFileReference; fileEncoding = 4; lastKnownFileType = text.plist.xml; path = Info.plist; sourceTree = "<group>"; };
		A270BBF41D227A230030DB0A /* MJExtension.h */ = {isa = PBXFileReference; fileEncoding = 4; lastKnownFileType = sourcecode.c.h; path = MJExtension.h; sourceTree = "<group>"; };
		A270BBF51D227A230030DB0A /* MJExtensionConst.h */ = {isa = PBXFileReference; fileEncoding = 4; lastKnownFileType = sourcecode.c.h; path = MJExtensionConst.h; sourceTree = "<group>"; };
		A270BBF61D227A230030DB0A /* MJExtensionConst.m */ = {isa = PBXFileReference; fileEncoding = 4; lastKnownFileType = sourcecode.c.objc; path = MJExtensionConst.m; sourceTree = "<group>"; };
		A270BBF71D227A230030DB0A /* MJFoundation.h */ = {isa = PBXFileReference; fileEncoding = 4; lastKnownFileType = sourcecode.c.h; path = MJFoundation.h; sourceTree = "<group>"; };
		A270BBF81D227A230030DB0A /* MJFoundation.m */ = {isa = PBXFileReference; fileEncoding = 4; lastKnownFileType = sourcecode.c.objc; path = MJFoundation.m; sourceTree = "<group>"; };
		A270BBF91D227A230030DB0A /* MJProperty.h */ = {isa = PBXFileReference; fileEncoding = 4; lastKnownFileType = sourcecode.c.h; path = MJProperty.h; sourceTree = "<group>"; };
		A270BBFA1D227A230030DB0A /* MJProperty.m */ = {isa = PBXFileReference; fileEncoding = 4; lastKnownFileType = sourcecode.c.objc; path = MJProperty.m; sourceTree = "<group>"; };
		A270BBFB1D227A230030DB0A /* MJPropertyKey.h */ = {isa = PBXFileReference; fileEncoding = 4; lastKnownFileType = sourcecode.c.h; path = MJPropertyKey.h; sourceTree = "<group>"; };
		A270BBFC1D227A230030DB0A /* MJPropertyKey.m */ = {isa = PBXFileReference; fileEncoding = 4; lastKnownFileType = sourcecode.c.objc; path = MJPropertyKey.m; sourceTree = "<group>"; };
		A270BBFD1D227A230030DB0A /* MJPropertyType.h */ = {isa = PBXFileReference; fileEncoding = 4; lastKnownFileType = sourcecode.c.h; path = MJPropertyType.h; sourceTree = "<group>"; };
		A270BBFE1D227A230030DB0A /* MJPropertyType.m */ = {isa = PBXFileReference; fileEncoding = 4; lastKnownFileType = sourcecode.c.objc; path = MJPropertyType.m; sourceTree = "<group>"; };
		A270BBFF1D227A230030DB0A /* NSObject+MJClass.h */ = {isa = PBXFileReference; fileEncoding = 4; lastKnownFileType = sourcecode.c.h; path = "NSObject+MJClass.h"; sourceTree = "<group>"; };
		A270BC001D227A230030DB0A /* NSObject+MJClass.m */ = {isa = PBXFileReference; fileEncoding = 4; lastKnownFileType = sourcecode.c.objc; path = "NSObject+MJClass.m"; sourceTree = "<group>"; };
		A270BC011D227A230030DB0A /* NSObject+MJCoding.h */ = {isa = PBXFileReference; fileEncoding = 4; lastKnownFileType = sourcecode.c.h; path = "NSObject+MJCoding.h"; sourceTree = "<group>"; };
		A270BC021D227A230030DB0A /* NSObject+MJCoding.m */ = {isa = PBXFileReference; fileEncoding = 4; lastKnownFileType = sourcecode.c.objc; path = "NSObject+MJCoding.m"; sourceTree = "<group>"; };
		A270BC031D227A230030DB0A /* NSObject+MJKeyValue.h */ = {isa = PBXFileReference; fileEncoding = 4; lastKnownFileType = sourcecode.c.h; path = "NSObject+MJKeyValue.h"; sourceTree = "<group>"; };
		A270BC041D227A230030DB0A /* NSObject+MJKeyValue.m */ = {isa = PBXFileReference; fileEncoding = 4; lastKnownFileType = sourcecode.c.objc; path = "NSObject+MJKeyValue.m"; sourceTree = "<group>"; };
		A270BC051D227A230030DB0A /* NSObject+MJProperty.h */ = {isa = PBXFileReference; fileEncoding = 4; lastKnownFileType = sourcecode.c.h; path = "NSObject+MJProperty.h"; sourceTree = "<group>"; };
		A270BC061D227A230030DB0A /* NSObject+MJProperty.m */ = {isa = PBXFileReference; fileEncoding = 4; lastKnownFileType = sourcecode.c.objc; path = "NSObject+MJProperty.m"; sourceTree = "<group>"; };
		A270BC071D227A230030DB0A /* NSString+MJExtension.h */ = {isa = PBXFileReference; fileEncoding = 4; lastKnownFileType = sourcecode.c.h; path = "NSString+MJExtension.h"; sourceTree = "<group>"; };
		A270BC081D227A230030DB0A /* NSString+MJExtension.m */ = {isa = PBXFileReference; fileEncoding = 4; lastKnownFileType = sourcecode.c.objc; path = "NSString+MJExtension.m"; sourceTree = "<group>"; };
		A270BC091D227A230030DB0A /* UIColor+HexCode.h */ = {isa = PBXFileReference; fileEncoding = 4; lastKnownFileType = sourcecode.c.h; path = "UIColor+HexCode.h"; sourceTree = "<group>"; };
		A270BC0A1D227A230030DB0A /* UIColor+HexCode.m */ = {isa = PBXFileReference; fileEncoding = 4; lastKnownFileType = sourcecode.c.objc; path = "UIColor+HexCode.m"; sourceTree = "<group>"; };
		A270BC221D227AF40030DB0A /* GYKditu@2x.png */ = {isa = PBXFileReference; lastKnownFileType = image.png; path = "GYKditu@2x.png"; sourceTree = "<group>"; };
		A270BC231D227AF40030DB0A /* GYKditu@3x.png */ = {isa = PBXFileReference; lastKnownFileType = image.png; path = "GYKditu@3x.png"; sourceTree = "<group>"; };
		A270BC261D227C340030DB0A /* UIView+XL.h */ = {isa = PBXFileReference; fileEncoding = 4; lastKnownFileType = sourcecode.c.h; path = "UIView+XL.h"; sourceTree = "<group>"; };
		A270BC271D227C340030DB0A /* UIView+XL.m */ = {isa = PBXFileReference; fileEncoding = 4; lastKnownFileType = sourcecode.c.objc; path = "UIView+XL.m"; sourceTree = "<group>"; };
		A270BC291D227C710030DB0A /* guanbi_hui@2x.png */ = {isa = PBXFileReference; lastKnownFileType = image.png; path = "guanbi_hui@2x.png"; sourceTree = "<group>"; };
		A270BC2A1D227C710030DB0A /* guanbi_hui@3x.png */ = {isa = PBXFileReference; lastKnownFileType = image.png; path = "guanbi_hui@3x.png"; sourceTree = "<group>"; };
/* End PBXFileReference section */

/* Begin PBXFrameworksBuildPhase section */
		A270BB961D2278E50030DB0A /* Frameworks */ = {
			isa = PBXFrameworksBuildPhase;
			buildActionMask = 2147483647;
			files = (
			);
			runOnlyForDeploymentPostprocessing = 0;
		};
		A270BBAF1D2278E50030DB0A /* Frameworks */ = {
			isa = PBXFrameworksBuildPhase;
			buildActionMask = 2147483647;
			files = (
			);
			runOnlyForDeploymentPostprocessing = 0;
		};
		A270BBBA1D2278E50030DB0A /* Frameworks */ = {
			isa = PBXFrameworksBuildPhase;
			buildActionMask = 2147483647;
			files = (
			);
			runOnlyForDeploymentPostprocessing = 0;
		};
/* End PBXFrameworksBuildPhase section */

/* Begin PBXGroup section */
		A270BB901D2278E50030DB0A = {
			isa = PBXGroup;
			children = (
				A270BB9B1D2278E50030DB0A /* ClassListViewController */,
				A270BBB51D2278E50030DB0A /* ClassListViewControllerTests */,
				A270BBC01D2278E50030DB0A /* ClassListViewControllerUITests */,
				A270BB9A1D2278E50030DB0A /* Products */,
			);
			sourceTree = "<group>";
		};
		A270BB9A1D2278E50030DB0A /* Products */ = {
			isa = PBXGroup;
			children = (
				A270BB991D2278E50030DB0A /* ClassListViewController.app */,
				A270BBB21D2278E50030DB0A /* ClassListViewControllerTests.xctest */,
				A270BBBD1D2278E50030DB0A /* ClassListViewControllerUITests.xctest */,
			);
			name = Products;
			sourceTree = "<group>";
		};
		A270BB9B1D2278E50030DB0A /* ClassListViewController */ = {
			isa = PBXGroup;
			children = (
				A270BBD61D227A230030DB0A /* third */,
				A270BBCF1D2279230030DB0A /* classView */,
				A270BB9F1D2278E50030DB0A /* AppDelegate.h */,
				A270BBA01D2278E50030DB0A /* AppDelegate.m */,
				A270BBA21D2278E50030DB0A /* ViewController.h */,
				A270BBA31D2278E50030DB0A /* ViewController.m */,
				A270BBA51D2278E50030DB0A /* Main.storyboard */,
				A270BBA81D2278E50030DB0A /* Assets.xcassets */,
				A270BBAA1D2278E50030DB0A /* LaunchScreen.storyboard */,
				A270BBAD1D2278E50030DB0A /* Info.plist */,
				A270BB9C1D2278E50030DB0A /* Supporting Files */,
			);
			path = ClassListViewController;
			sourceTree = "<group>";
		};
		A270BB9C1D2278E50030DB0A /* Supporting Files */ = {
			isa = PBXGroup;
			children = (
				A270BB9D1D2278E50030DB0A /* main.m */,
			);
			name = "Supporting Files";
			sourceTree = "<group>";
		};
		A270BBB51D2278E50030DB0A /* ClassListViewControllerTests */ = {
			isa = PBXGroup;
			children = (
				A270BBB61D2278E50030DB0A /* ClassListViewControllerTests.m */,
				A270BBB81D2278E50030DB0A /* Info.plist */,
			);
			path = ClassListViewControllerTests;
			sourceTree = "<group>";
		};
		A270BBC01D2278E50030DB0A /* ClassListViewControllerUITests */ = {
			isa = PBXGroup;
			children = (
				A270BBC11D2278E50030DB0A /* ClassListViewControllerUITests.m */,
				A270BBC31D2278E50030DB0A /* Info.plist */,
			);
			path = ClassListViewControllerUITests;
			sourceTree = "<group>";
		};
		A270BBCF1D2279230030DB0A /* classView */ = {
			isa = PBXGroup;
			children = (
				A270BC291D227C710030DB0A /* guanbi_hui@2x.png */,
				A270BC2A1D227C710030DB0A /* guanbi_hui@3x.png */,
				A270BC221D227AF40030DB0A /* GYKditu@2x.png */,
				A270BC231D227AF40030DB0A /* GYKditu@3x.png */,
				A270BBD01D2279230030DB0A /* ListClassModel.h */,
				A270BBD11D2279230030DB0A /* ListClassModel.m */,
				A270BBD21D2279230030DB0A /* ListClassView.h */,
				A270BBD31D2279230030DB0A /* ListClassView.m */,
			);
			path = classView;
			sourceTree = "<group>";
		};
		A270BBD61D227A230030DB0A /* third */ = {
			isa = PBXGroup;
			children = (
				A270BBD71D227A230030DB0A /* Masonry */,
				A270BBF21D227A230030DB0A /* MJExtension */,
				A270BC091D227A230030DB0A /* UIColor+HexCode.h */,
				A270BC0A1D227A230030DB0A /* UIColor+HexCode.m */,
				A270BC261D227C340030DB0A /* UIView+XL.h */,
				A270BC271D227C340030DB0A /* UIView+XL.m */,
			);
			path = third;
			sourceTree = "<group>";
		};
		A270BBD71D227A230030DB0A /* Masonry */ = {
			isa = PBXGroup;
			children = (
				A270BBD81D227A230030DB0A /* Info.plist */,
				A270BBD91D227A230030DB0A /* MASCompositeConstraint.h */,
				A270BBDA1D227A230030DB0A /* MASCompositeConstraint.m */,
				A270BBDB1D227A230030DB0A /* MASConstraint+Private.h */,
				A270BBDC1D227A230030DB0A /* MASConstraint.h */,
				A270BBDD1D227A230030DB0A /* MASConstraint.m */,
				A270BBDE1D227A230030DB0A /* MASConstraintMaker.h */,
				A270BBDF1D227A230030DB0A /* MASConstraintMaker.m */,
				A270BBE01D227A230030DB0A /* MASLayoutConstraint.h */,
				A270BBE11D227A230030DB0A /* MASLayoutConstraint.m */,
				A270BBE21D227A230030DB0A /* Masonry.h */,
				A270BBE31D227A230030DB0A /* MASUtilities.h */,
				A270BBE41D227A230030DB0A /* MASViewAttribute.h */,
				A270BBE51D227A230030DB0A /* MASViewAttribute.m */,
				A270BBE61D227A230030DB0A /* MASViewConstraint.h */,
				A270BBE71D227A230030DB0A /* MASViewConstraint.m */,
				A270BBE81D227A230030DB0A /* NSArray+MASAdditions.h */,
				A270BBE91D227A230030DB0A /* NSArray+MASAdditions.m */,
				A270BBEA1D227A230030DB0A /* NSArray+MASShorthandAdditions.h */,
				A270BBEB1D227A230030DB0A /* NSLayoutConstraint+MASDebugAdditions.h */,
				A270BBEC1D227A230030DB0A /* NSLayoutConstraint+MASDebugAdditions.m */,
				A270BBED1D227A230030DB0A /* View+MASAdditions.h */,
				A270BBEE1D227A230030DB0A /* View+MASAdditions.m */,
				A270BBEF1D227A230030DB0A /* View+MASShorthandAdditions.h */,
				A270BBF01D227A230030DB0A /* ViewController+MASAdditions.h */,
				A270BBF11D227A230030DB0A /* ViewController+MASAdditions.m */,
			);
			path = Masonry;
			sourceTree = "<group>";
		};
		A270BBF21D227A230030DB0A /* MJExtension */ = {
			isa = PBXGroup;
			children = (
				A270BBF31D227A230030DB0A /* Info.plist */,
				A270BBF41D227A230030DB0A /* MJExtension.h */,
				A270BBF51D227A230030DB0A /* MJExtensionConst.h */,
				A270BBF61D227A230030DB0A /* MJExtensionConst.m */,
				A270BBF71D227A230030DB0A /* MJFoundation.h */,
				A270BBF81D227A230030DB0A /* MJFoundation.m */,
				A270BBF91D227A230030DB0A /* MJProperty.h */,
				A270BBFA1D227A230030DB0A /* MJProperty.m */,
				A270BBFB1D227A230030DB0A /* MJPropertyKey.h */,
				A270BBFC1D227A230030DB0A /* MJPropertyKey.m */,
				A270BBFD1D227A230030DB0A /* MJPropertyType.h */,
				A270BBFE1D227A230030DB0A /* MJPropertyType.m */,
				A270BBFF1D227A230030DB0A /* NSObject+MJClass.h */,
				A270BC001D227A230030DB0A /* NSObject+MJClass.m */,
				A270BC011D227A230030DB0A /* NSObject+MJCoding.h */,
				A270BC021D227A230030DB0A /* NSObject+MJCoding.m */,
				A270BC031D227A230030DB0A /* NSObject+MJKeyValue.h */,
				A270BC041D227A230030DB0A /* NSObject+MJKeyValue.m */,
				A270BC051D227A230030DB0A /* NSObject+MJProperty.h */,
				A270BC061D227A230030DB0A /* NSObject+MJProperty.m */,
				A270BC071D227A230030DB0A /* NSString+MJExtension.h */,
				A270BC081D227A230030DB0A /* NSString+MJExtension.m */,
			);
			path = MJExtension;
			sourceTree = "<group>";
		};
/* End PBXGroup section */

/* Begin PBXNativeTarget section */
		A270BB981D2278E50030DB0A /* ClassListViewController */ = {
			isa = PBXNativeTarget;
			buildConfigurationList = A270BBC61D2278E50030DB0A /* Build configuration list for PBXNativeTarget "ClassListViewController" */;
			buildPhases = (
				A270BB951D2278E50030DB0A /* Sources */,
				A270BB961D2278E50030DB0A /* Frameworks */,
				A270BB971D2278E50030DB0A /* Resources */,
			);
			buildRules = (
			);
			dependencies = (
			);
			name = ClassListViewController;
			productName = ClassListViewController;
			productReference = A270BB991D2278E50030DB0A /* ClassListViewController.app */;
			productType = "com.apple.product-type.application";
		};
		A270BBB11D2278E50030DB0A /* ClassListViewControllerTests */ = {
			isa = PBXNativeTarget;
			buildConfigurationList = A270BBC91D2278E50030DB0A /* Build configuration list for PBXNativeTarget "ClassListViewControllerTests" */;
			buildPhases = (
				A270BBAE1D2278E50030DB0A /* Sources */,
				A270BBAF1D2278E50030DB0A /* Frameworks */,
				A270BBB01D2278E50030DB0A /* Resources */,
			);
			buildRules = (
			);
			dependencies = (
				A270BBB41D2278E50030DB0A /* PBXTargetDependency */,
			);
			name = ClassListViewControllerTests;
			productName = ClassListViewControllerTests;
			productReference = A270BBB21D2278E50030DB0A /* ClassListViewControllerTests.xctest */;
			productType = "com.apple.product-type.bundle.unit-test";
		};
		A270BBBC1D2278E50030DB0A /* ClassListViewControllerUITests */ = {
			isa = PBXNativeTarget;
			buildConfigurationList = A270BBCC1D2278E50030DB0A /* Build configuration list for PBXNativeTarget "ClassListViewControllerUITests" */;
			buildPhases = (
				A270BBB91D2278E50030DB0A /* Sources */,
				A270BBBA1D2278E50030DB0A /* Frameworks */,
				A270BBBB1D2278E50030DB0A /* Resources */,
			);
			buildRules = (
			);
			dependencies = (
				A270BBBF1D2278E50030DB0A /* PBXTargetDependency */,
			);
			name = ClassListViewControllerUITests;
			productName = ClassListViewControllerUITests;
			productReference = A270BBBD1D2278E50030DB0A /* ClassListViewControllerUITests.xctest */;
			productType = "com.apple.product-type.bundle.ui-testing";
		};
/* End PBXNativeTarget section */

/* Begin PBXProject section */
		A270BB911D2278E50030DB0A /* Project object */ = {
			isa = PBXProject;
			attributes = {
				LastUpgradeCheck = 0730;
				ORGANIZATIONNAME = dongjiangpeng;
				TargetAttributes = {
					A270BB981D2278E50030DB0A = {
						CreatedOnToolsVersion = 7.3;
					};
					A270BBB11D2278E50030DB0A = {
						CreatedOnToolsVersion = 7.3;
						TestTargetID = A270BB981D2278E50030DB0A;
					};
					A270BBBC1D2278E50030DB0A = {
						CreatedOnToolsVersion = 7.3;
						TestTargetID = A270BB981D2278E50030DB0A;
					};
				};
			};
			buildConfigurationList = A270BB941D2278E50030DB0A /* Build configuration list for PBXProject "ClassListViewController" */;
			compatibilityVersion = "Xcode 3.2";
			developmentRegion = English;
			hasScannedForEncodings = 0;
			knownRegions = (
				en,
				Base,
			);
			mainGroup = A270BB901D2278E50030DB0A;
			productRefGroup = A270BB9A1D2278E50030DB0A /* Products */;
			projectDirPath = "";
			projectRoot = "";
			targets = (
				A270BB981D2278E50030DB0A /* ClassListViewController */,
				A270BBB11D2278E50030DB0A /* ClassListViewControllerTests */,
				A270BBBC1D2278E50030DB0A /* ClassListViewControllerUITests */,
			);
		};
/* End PBXProject section */

/* Begin PBXResourcesBuildPhase section */
		A270BB971D2278E50030DB0A /* Resources */ = {
			isa = PBXResourcesBuildPhase;
			buildActionMask = 2147483647;
			files = (
				A270BC251D227AF40030DB0A /* GYKditu@3x.png in Resources */,
				A270BC2B1D227C710030DB0A /* guanbi_hui@2x.png in Resources */,
				A270BC2C1D227C710030DB0A /* guanbi_hui@3x.png in Resources */,
				A270BC241D227AF40030DB0A /* GYKditu@2x.png in Resources */,
				A270BC0B1D227A230030DB0A /* Info.plist in Resources */,
				A270BBAC1D2278E50030DB0A /* LaunchScreen.storyboard in Resources */,
				A270BBA91D2278E50030DB0A /* Assets.xcassets in Resources */,
				A270BC161D227A230030DB0A /* Info.plist in Resources */,
				A270BBA71D2278E50030DB0A /* Main.storyboard in Resources */,
			);
			runOnlyForDeploymentPostprocessing = 0;
		};
		A270BBB01D2278E50030DB0A /* Resources */ = {
			isa = PBXResourcesBuildPhase;
			buildActionMask = 2147483647;
			files = (
			);
			runOnlyForDeploymentPostprocessing = 0;
		};
		A270BBBB1D2278E50030DB0A /* Resources */ = {
			isa = PBXResourcesBuildPhase;
			buildActionMask = 2147483647;
			files = (
			);
			runOnlyForDeploymentPostprocessing = 0;
		};
/* End PBXResourcesBuildPhase section */

/* Begin PBXSourcesBuildPhase section */
		A270BB951D2278E50030DB0A /* Sources */ = {
			isa = PBXSourcesBuildPhase;
			buildActionMask = 2147483647;
			files = (
				A270BC131D227A230030DB0A /* NSLayoutConstraint+MASDebugAdditions.m in Sources */,
				A270BC1E1D227A230030DB0A /* NSObject+MJKeyValue.m in Sources */,
				A270BBA41D2278E50030DB0A /* ViewController.m in Sources */,
				A270BC111D227A230030DB0A /* MASViewConstraint.m in Sources */,
				A270BC211D227A230030DB0A /* UIColor+HexCode.m in Sources */,
				A270BBA11D2278E50030DB0A /* AppDelegate.m in Sources */,
				A270BBD41D2279230030DB0A /* ListClassModel.m in Sources */,
				A270BC281D227C340030DB0A /* UIView+XL.m in Sources */,
				A270BC1B1D227A230030DB0A /* MJPropertyType.m in Sources */,
				A270BC1F1D227A230030DB0A /* NSObject+MJProperty.m in Sources */,
				A270BC1D1D227A230030DB0A /* NSObject+MJCoding.m in Sources */,
				A270BBD51D2279230030DB0A /* ListClassView.m in Sources */,
				A270BC141D227A230030DB0A /* View+MASAdditions.m in Sources */,
				A270BC0C1D227A230030DB0A /* MASCompositeConstraint.m in Sources */,
				A270BC1A1D227A230030DB0A /* MJPropertyKey.m in Sources */,
				A270BC171D227A230030DB0A /* MJExtensionConst.m in Sources */,
				A270BC101D227A230030DB0A /* MASViewAttribute.m in Sources */,
				A270BC1C1D227A230030DB0A /* NSObject+MJClass.m in Sources */,
				A270BC0E1D227A230030DB0A /* MASConstraintMaker.m in Sources */,
				A270BC121D227A230030DB0A /* NSArray+MASAdditions.m in Sources */,
				A270BC151D227A230030DB0A /* ViewController+MASAdditions.m in Sources */,
				A270BC191D227A230030DB0A /* MJProperty.m in Sources */,
				A270BC0D1D227A230030DB0A /* MASConstraint.m in Sources */,
				A270BC0F1D227A230030DB0A /* MASLayoutConstraint.m in Sources */,
				A270BB9E1D2278E50030DB0A /* main.m in Sources */,
				A270BC201D227A230030DB0A /* NSString+MJExtension.m in Sources */,
				A270BC181D227A230030DB0A /* MJFoundation.m in Sources */,
			);
			runOnlyForDeploymentPostprocessing = 0;
		};
		A270BBAE1D2278E50030DB0A /* Sources */ = {
			isa = PBXSourcesBuildPhase;
			buildActionMask = 2147483647;
			files = (
				A270BBB71D2278E50030DB0A /* ClassListViewControllerTests.m in Sources */,
			);
			runOnlyForDeploymentPostprocessing = 0;
		};
		A270BBB91D2278E50030DB0A /* Sources */ = {
			isa = PBXSourcesBuildPhase;
			buildActionMask = 2147483647;
			files = (
				A270BBC21D2278E50030DB0A /* ClassListViewControllerUITests.m in Sources */,
			);
			runOnlyForDeploymentPostprocessing = 0;
		};
/* End PBXSourcesBuildPhase section */

/* Begin PBXTargetDependency section */
		A270BBB41D2278E50030DB0A /* PBXTargetDependency */ = {
			isa = PBXTargetDependency;
			target = A270BB981D2278E50030DB0A /* ClassListViewController */;
			targetProxy = A270BBB31D2278E50030DB0A /* PBXContainerItemProxy */;
		};
		A270BBBF1D2278E50030DB0A /* PBXTargetDependency */ = {
			isa = PBXTargetDependency;
			target = A270BB981D2278E50030DB0A /* ClassListViewController */;
			targetProxy = A270BBBE1D2278E50030DB0A /* PBXContainerItemProxy */;
		};
/* End PBXTargetDependency section */

/* Begin PBXVariantGroup section */
		A270BBA51D2278E50030DB0A /* Main.storyboard */ = {
			isa = PBXVariantGroup;
			children = (
				A270BBA61D2278E50030DB0A /* Base */,
			);
			name = Main.storyboard;
			sourceTree = "<group>";
		};
		A270BBAA1D2278E50030DB0A /* LaunchScreen.storyboard */ = {
			isa = PBXVariantGroup;
			children = (
				A270BBAB1D2278E50030DB0A /* Base */,
			);
			name = LaunchScreen.storyboard;
			sourceTree = "<group>";
		};
/* End PBXVariantGroup section */

/* Begin XCBuildConfiguration section */
		A270BBC41D2278E50030DB0A /* Debug */ = {
			isa = XCBuildConfiguration;
			buildSettings = {
				ALWAYS_SEARCH_USER_PATHS = NO;
				CLANG_ANALYZER_NONNULL = YES;
				CLANG_CXX_LANGUAGE_STANDARD = "gnu++0x";
				CLANG_CXX_LIBRARY = "libc++";
				CLANG_ENABLE_MODULES = YES;
				CLANG_ENABLE_OBJC_ARC = YES;
				CLANG_WARN_BOOL_CONVERSION = YES;
				CLANG_WARN_CONSTANT_CONVERSION = YES;
				CLANG_WARN_DIRECT_OBJC_ISA_USAGE = YES_ERROR;
				CLANG_WARN_EMPTY_BODY = YES;
				CLANG_WARN_ENUM_CONVERSION = YES;
				CLANG_WARN_INT_CONVERSION = YES;
				CLANG_WARN_OBJC_ROOT_CLASS = YES_ERROR;
				CLANG_WARN_UNREACHABLE_CODE = YES;
				CLANG_WARN__DUPLICATE_METHOD_MATCH = YES;
				"CODE_SIGN_IDENTITY[sdk=iphoneos*]" = "iPhone Developer";
				COPY_PHASE_STRIP = NO;
				DEBUG_INFORMATION_FORMAT = dwarf;
				ENABLE_STRICT_OBJC_MSGSEND = YES;
				ENABLE_TESTABILITY = YES;
				GCC_C_LANGUAGE_STANDARD = gnu99;
				GCC_DYNAMIC_NO_PIC = NO;
				GCC_NO_COMMON_BLOCKS = YES;
				GCC_OPTIMIZATION_LEVEL = 0;
				GCC_PREPROCESSOR_DEFINITIONS = (
					"DEBUG=1",
					"$(inherited)",
				);
				GCC_WARN_64_TO_32_BIT_CONVERSION = YES;
				GCC_WARN_ABOUT_RETURN_TYPE = YES_ERROR;
				GCC_WARN_UNDECLARED_SELECTOR = YES;
				GCC_WARN_UNINITIALIZED_AUTOS = YES_AGGRESSIVE;
				GCC_WARN_UNUSED_FUNCTION = YES;
				GCC_WARN_UNUSED_VARIABLE = YES;
				IPHONEOS_DEPLOYMENT_TARGET = 9.3;
				MTL_ENABLE_DEBUG_INFO = YES;
				ONLY_ACTIVE_ARCH = YES;
				SDKROOT = iphoneos;
				TARGETED_DEVICE_FAMILY = "1,2";
			};
			name = Debug;
		};
		A270BBC51D2278E50030DB0A /* Release */ = {
			isa = XCBuildConfiguration;
			buildSettings = {
				ALWAYS_SEARCH_USER_PATHS = NO;
				CLANG_ANALYZER_NONNULL = YES;
				CLANG_CXX_LANGUAGE_STANDARD = "gnu++0x";
				CLANG_CXX_LIBRARY = "libc++";
				CLANG_ENABLE_MODULES = YES;
				CLANG_ENABLE_OBJC_ARC = YES;
				CLANG_WARN_BOOL_CONVERSION = YES;
				CLANG_WARN_CONSTANT_CONVERSION = YES;
				CLANG_WARN_DIRECT_OBJC_ISA_USAGE = YES_ERROR;
				CLANG_WARN_EMPTY_BODY = YES;
				CLANG_WARN_ENUM_CONVERSION = YES;
				CLANG_WARN_INT_CONVERSION = YES;
				CLANG_WARN_OBJC_ROOT_CLASS = YES_ERROR;
				CLANG_WARN_UNREACHABLE_CODE = YES;
				CLANG_WARN__DUPLICATE_METHOD_MATCH = YES;
				"CODE_SIGN_IDENTITY[sdk=iphoneos*]" = "iPhone Developer";
				COPY_PHASE_STRIP = NO;
				DEBUG_INFORMATION_FORMAT = "dwarf-with-dsym";
				ENABLE_NS_ASSERTIONS = NO;
				ENABLE_STRICT_OBJC_MSGSEND = YES;
				GCC_C_LANGUAGE_STANDARD = gnu99;
				GCC_NO_COMMON_BLOCKS = YES;
				GCC_WARN_64_TO_32_BIT_CONVERSION = YES;
				GCC_WARN_ABOUT_RETURN_TYPE = YES_ERROR;
				GCC_WARN_UNDECLARED_SELECTOR = YES;
				GCC_WARN_UNINITIALIZED_AUTOS = YES_AGGRESSIVE;
				GCC_WARN_UNUSED_FUNCTION = YES;
				GCC_WARN_UNUSED_VARIABLE = YES;
				IPHONEOS_DEPLOYMENT_TARGET = 9.3;
				MTL_ENABLE_DEBUG_INFO = NO;
				SDKROOT = iphoneos;
				TARGETED_DEVICE_FAMILY = "1,2";
				VALIDATE_PRODUCT = YES;
			};
			name = Release;
		};
		A270BBC71D2278E50030DB0A /* Debug */ = {
			isa = XCBuildConfiguration;
			buildSettings = {
				ASSETCATALOG_COMPILER_APPICON_NAME = AppIcon;
				INFOPLIST_FILE = ClassListViewController/Info.plist;
				LD_RUNPATH_SEARCH_PATHS = "$(inherited) @executable_path/Frameworks";
				PRODUCT_BUNDLE_IDENTIFIER = com.dong.ClassListViewController;
				PRODUCT_NAME = "$(TARGET_NAME)";
			};
			name = Debug;
		};
		A270BBC81D2278E50030DB0A /* Release */ = {
			isa = XCBuildConfiguration;
			buildSettings = {
				ASSETCATALOG_COMPILER_APPICON_NAME = AppIcon;
				INFOPLIST_FILE = ClassListViewController/Info.plist;
				LD_RUNPATH_SEARCH_PATHS = "$(inherited) @executable_path/Frameworks";
				PRODUCT_BUNDLE_IDENTIFIER = com.dong.ClassListViewController;
				PRODUCT_NAME = "$(TARGET_NAME)";
			};
			name = Release;
		};
		A270BBCA1D2278E50030DB0A /* Debug */ = {
			isa = XCBuildConfiguration;
			buildSettings = {
				BUNDLE_LOADER = "$(TEST_HOST)";
				INFOPLIST_FILE = ClassListViewControllerTests/Info.plist;
				LD_RUNPATH_SEARCH_PATHS = "$(inherited) @executable_path/Frameworks @loader_path/Frameworks";
				PRODUCT_BUNDLE_IDENTIFIER = com.dong.ClassListViewControllerTests;
				PRODUCT_NAME = "$(TARGET_NAME)";
				TEST_HOST = "$(BUILT_PRODUCTS_DIR)/ClassListViewController.app/ClassListViewController";
			};
			name = Debug;
		};
		A270BBCB1D2278E50030DB0A /* Release */ = {
			isa = XCBuildConfiguration;
			buildSettings = {
				BUNDLE_LOADER = "$(TEST_HOST)";
				INFOPLIST_FILE = ClassListViewControllerTests/Info.plist;
				LD_RUNPATH_SEARCH_PATHS = "$(inherited) @executable_path/Frameworks @loader_path/Frameworks";
				PRODUCT_BUNDLE_IDENTIFIER = com.dong.ClassListViewControllerTests;
				PRODUCT_NAME = "$(TARGET_NAME)";
				TEST_HOST = "$(BUILT_PRODUCTS_DIR)/ClassListViewController.app/ClassListViewController";
			};
			name = Release;
		};
		A270BBCD1D2278E50030DB0A /* Debug */ = {
			isa = XCBuildConfiguration;
			buildSettings = {
				INFOPLIST_FILE = ClassListViewControllerUITests/Info.plist;
				LD_RUNPATH_SEARCH_PATHS = "$(inherited) @executable_path/Frameworks @loader_path/Frameworks";
				PRODUCT_BUNDLE_IDENTIFIER = com.dong.ClassListViewControllerUITests;
				PRODUCT_NAME = "$(TARGET_NAME)";
				TEST_TARGET_NAME = ClassListViewController;
			};
			name = Debug;
		};
		A270BBCE1D2278E50030DB0A /* Release */ = {
			isa = XCBuildConfiguration;
			buildSettings = {
				INFOPLIST_FILE = ClassListViewControllerUITests/Info.plist;
				LD_RUNPATH_SEARCH_PATHS = "$(inherited) @executable_path/Frameworks @loader_path/Frameworks";
				PRODUCT_BUNDLE_IDENTIFIER = com.dong.ClassListViewControllerUITests;
				PRODUCT_NAME = "$(TARGET_NAME)";
				TEST_TARGET_NAME = ClassListViewController;
			};
			name = Release;
		};
/* End XCBuildConfiguration section */

/* Begin XCConfigurationList section */
		A270BB941D2278E50030DB0A /* Build configuration list for PBXProject "ClassListViewController" */ = {
			isa = XCConfigurationList;
			buildConfigurations = (
				A270BBC41D2278E50030DB0A /* Debug */,
				A270BBC51D2278E50030DB0A /* Release */,
			);
			defaultConfigurationIsVisible = 0;
			defaultConfigurationName = Release;
		};
		A270BBC61D2278E50030DB0A /* Build configuration list for PBXNativeTarget "ClassListViewController" */ = {
			isa = XCConfigurationList;
			buildConfigurations = (
				A270BBC71D2278E50030DB0A /* Debug */,
				A270BBC81D2278E50030DB0A /* Release */,
			);
			defaultConfigurationIsVisible = 0;
		};
		A270BBC91D2278E50030DB0A /* Build configuration list for PBXNativeTarget "ClassListViewControllerTests" */ = {
			isa = XCConfigurationList;
			buildConfigurations = (
				A270BBCA1D2278E50030DB0A /* Debug */,
				A270BBCB1D2278E50030DB0A /* Release */,
			);
			defaultConfigurationIsVisible = 0;
		};
		A270BBCC1D2278E50030DB0A /* Build configuration list for PBXNativeTarget "ClassListViewControllerUITests" */ = {
			isa = XCConfigurationList;
			buildConfigurations = (
				A270BBCD1D2278E50030DB0A /* Debug */,
				A270BBCE1D2278E50030DB0A /* Release */,
			);
			defaultConfigurationIsVisible = 0;
		};
/* End XCConfigurationList section */
	};
	rootObject = A270BB911D2278E50030DB0A /* Project object */;
}
